
Microsoft Visual Studio Solution File, Format Version 12.00
# Visual Studio 15
VisualStudioVersion = 15.0.26730.10
MinimumVisualStudioVersion = 10.0.40219.1
Project("{9A19103F-16F7-4668-BE54-9A1E7A4F7556}") = "StoryTeller.Portal.CQRS", "StoryTeller.Portal.CQRS\StoryTeller.Portal.CQRS.csproj", "{7FC1A584-362E-43D6-AA3A-3496DB688F1D}"
EndProject
Project("{9A19103F-16F7-4668-BE54-9A1E7A4F7556}") = "StoryTeller.ResultAggregation", "StoryTeller.ResultAggregation\StoryTeller.ResultAggregation.csproj", "{732E1D5C-C321-477C-8601-2A4A9648AD62}"
EndProject
Project("{9A19103F-16F7-4668-BE54-9A1E7A4F7556}") = "StoryTeller.ResultAggregation.RequestHandlers", "StoryTeller.ResultAggregation.RequestHandlers\StoryTeller.ResultAggregation.RequestHandlers.csproj", "{F5CF463B-A2F4-4A0D-A1AF-E52E8095938B}"
EndProject
Project("{9A19103F-16F7-4668-BE54-9A1E7A4F7556}") = "StoryTeller.ResultAggregation.CommandHandlers", "StoryTeller.ResultAggregation.CommandHandlers\StoryTeller.ResultAggregation.CommandHandlers.csproj", "{CB02ED8F-3C97-456F-9F7F-6A52D21B0CCE}"
EndProject
Project("{9A19103F-16F7-4668-BE54-9A1E7A4F7556}") = "StoryTeller.ResultAggregation.QueryHandlers", "StoryTeller.ResultAggregation.QueryHandlers\StoryTeller.ResultAggregation.QueryHandlers.csproj", "{360712FA-D758-4088-8477-7051C03FC462}"
EndProject
Project("{9A19103F-16F7-4668-BE54-9A1E7A4F7556}") = "StoryTeller.ResultAggregation.Models", "StoryTeller.ResultAggregation.Models\StoryTeller.ResultAggregation.Models.csproj", "{ACE072C4-E1FF-4A15-9351-4D434798FBB8}"
EndProject
Project("{9A19103F-16F7-4668-BE54-9A1E7A4F7556}") = "Tester", "Tester\Tester.csproj", "{88EB3857-9E11-472E-9D6F-C14FA661CEA8}"
EndProject
Project("{9A19103F-16F7-4668-BE54-9A1E7A4F7556}") = "StoryTeller.Portal.ResultsAggregator.Client", "StoryTeller.Portal.ResultsAggregator.Client\StoryTeller.Portal.ResultsAggregator.Client.csproj", "{C6060162-8429-4D15-90B6-009A9277E156}"
EndProject
Project("{9A19103F-16F7-4668-BE54-9A1E7A4F7556}") = "StoryTeller.Portal.ResultsAggregator", "StoryTeller.Portal.ResultsAggregator\StoryTeller.Portal.ResultsAggregator.csproj", "{95BB4E67-DF5D-4E81-AE45-B6C925BCF06F}"
EndProject
Project("{9A19103F-16F7-4668-BE54-9A1E7A4F7556}") = "StoryTeller.Portal.CQRS.Sql", "StoryTeller.Portal.CQRS.Sql\StoryTeller.Portal.CQRS.Sql.csproj", "{575006B3-7E11-4DA2-8EDD-93C9DA2C3D92}"
EndProject
Project("{9A19103F-16F7-4668-BE54-9A1E7A4F7556}") = "StoryTeller.Portal.Models", "StoryTeller.Portal.Models\StoryTeller.Portal.Models.csproj", "{35FEAD9E-DD8B-47F7-93CF-3B10061C8C3E}"
EndProject
Project("{9A19103F-16F7-4668-BE54-9A1E7A4F7556}") = "StoryTeller.Portal", "StoryTeller.Portal\StoryTeller.Portal.csproj", "{00EE5DAB-E21B-4C42-9D24-74F16E6341C3}"
EndProject
Project("{9A19103F-16F7-4668-BE54-9A1E7A4F7556}") = "StoryTeller.Portal.QueryHandlers", "StoryTeller.Portal.QueryHandlers\StoryTeller.Portal.QueryHandlers.csproj", "{6BBD44FB-E588-4A60-B764-A8F5D15CCB22}"
EndProject
Project("{9A19103F-16F7-4668-BE54-9A1E7A4F7556}") = "StoryTeller.Portal.RequestHandlers", "StoryTeller.Portal.RequestHandlers\StoryTeller.Portal.RequestHandlers.csproj", "{4F1C1972-2004-451D-B90F-EDF90A4789B9}"
EndProject
Project("{9A19103F-16F7-4668-BE54-9A1E7A4F7556}") = "storyteller.portal.dotnetify", "storyteller.portal.dotnetify\storyteller.portal.dotnetify.csproj", "{76F87FC3-09B1-4B81-AA63-69E0B2D26280}"
EndProject
Global
	GlobalSection(SolutionConfigurationPlatforms) = preSolution
		Debug|Any CPU = Debug|Any CPU
		Release|Any CPU = Release|Any CPU
	EndGlobalSection
	GlobalSection(ProjectConfigurationPlatforms) = postSolution
		{7FC1A584-362E-43D6-AA3A-3496DB688F1D}.Debug|Any CPU.ActiveCfg = Debug|Any CPU
		{7FC1A584-362E-43D6-AA3A-3496DB688F1D}.Debug|Any CPU.Build.0 = Debug|Any CPU
		{7FC1A584-362E-43D6-AA3A-3496DB688F1D}.Release|Any CPU.ActiveCfg = Release|Any CPU
		{7FC1A584-362E-43D6-AA3A-3496DB688F1D}.Release|Any CPU.Build.0 = Release|Any CPU
		{732E1D5C-C321-477C-8601-2A4A9648AD62}.Debug|Any CPU.ActiveCfg = Debug|Any CPU
		{732E1D5C-C321-477C-8601-2A4A9648AD62}.Debug|Any CPU.Build.0 = Debug|Any CPU
		{732E1D5C-C321-477C-8601-2A4A9648AD62}.Release|Any CPU.ActiveCfg = Release|Any CPU
		{732E1D5C-C321-477C-8601-2A4A9648AD62}.Release|Any CPU.Build.0 = Release|Any CPU
		{F5CF463B-A2F4-4A0D-A1AF-E52E8095938B}.Debug|Any CPU.ActiveCfg = Debug|Any CPU
		{F5CF463B-A2F4-4A0D-A1AF-E52E8095938B}.Debug|Any CPU.Build.0 = Debug|Any CPU
		{F5CF463B-A2F4-4A0D-A1AF-E52E8095938B}.Release|Any CPU.ActiveCfg = Release|Any CPU
		{F5CF463B-A2F4-4A0D-A1AF-E52E8095938B}.Release|Any CPU.Build.0 = Release|Any CPU
		{CB02ED8F-3C97-456F-9F7F-6A52D21B0CCE}.Debug|Any CPU.ActiveCfg = Debug|Any CPU
		{CB02ED8F-3C97-456F-9F7F-6A52D21B0CCE}.Debug|Any CPU.Build.0 = Debug|Any CPU
		{CB02ED8F-3C97-456F-9F7F-6A52D21B0CCE}.Release|Any CPU.ActiveCfg = Release|Any CPU
		{CB02ED8F-3C97-456F-9F7F-6A52D21B0CCE}.Release|Any CPU.Build.0 = Release|Any CPU
		{360712FA-D758-4088-8477-7051C03FC462}.Debug|Any CPU.ActiveCfg = Debug|Any CPU
		{360712FA-D758-4088-8477-7051C03FC462}.Debug|Any CPU.Build.0 = Debug|Any CPU
		{360712FA-D758-4088-8477-7051C03FC462}.Release|Any CPU.ActiveCfg = Release|Any CPU
		{360712FA-D758-4088-8477-7051C03FC462}.Release|Any CPU.Build.0 = Release|Any CPU
		{ACE072C4-E1FF-4A15-9351-4D434798FBB8}.Debug|Any CPU.ActiveCfg = Debug|Any CPU
		{ACE072C4-E1FF-4A15-9351-4D434798FBB8}.Debug|Any CPU.Build.0 = Debug|Any CPU
		{ACE072C4-E1FF-4A15-9351-4D434798FBB8}.Release|Any CPU.ActiveCfg = Release|Any CPU
		{ACE072C4-E1FF-4A15-9351-4D434798FBB8}.Release|Any CPU.Build.0 = Release|Any CPU
		{88EB3857-9E11-472E-9D6F-C14FA661CEA8}.Debug|Any CPU.ActiveCfg = Debug|Any CPU
		{88EB3857-9E11-472E-9D6F-C14FA661CEA8}.Debug|Any CPU.Build.0 = Debug|Any CPU
		{88EB3857-9E11-472E-9D6F-C14FA661CEA8}.Release|Any CPU.ActiveCfg = Release|Any CPU
		{88EB3857-9E11-472E-9D6F-C14FA661CEA8}.Release|Any CPU.Build.0 = Release|Any CPU
		{C6060162-8429-4D15-90B6-009A9277E156}.Debug|Any CPU.ActiveCfg = Debug|Any CPU
		{C6060162-8429-4D15-90B6-009A9277E156}.Debug|Any CPU.Build.0 = Debug|Any CPU
		{C6060162-8429-4D15-90B6-009A9277E156}.Release|Any CPU.ActiveCfg = Release|Any CPU
		{C6060162-8429-4D15-90B6-009A9277E156}.Release|Any CPU.Build.0 = Release|Any CPU
		{95BB4E67-DF5D-4E81-AE45-B6C925BCF06F}.Debug|Any CPU.ActiveCfg = Debug|Any CPU
		{95BB4E67-DF5D-4E81-AE45-B6C925BCF06F}.Debug|Any CPU.Build.0 = Debug|Any CPU
		{95BB4E67-DF5D-4E81-AE45-B6C925BCF06F}.Release|Any CPU.ActiveCfg = Release|Any CPU
		{95BB4E67-DF5D-4E81-AE45-B6C925BCF06F}.Release|Any CPU.Build.0 = Release|Any CPU
		{575006B3-7E11-4DA2-8EDD-93C9DA2C3D92}.Debug|Any CPU.ActiveCfg = Debug|Any CPU
		{575006B3-7E11-4DA2-8EDD-93C9DA2C3D92}.Debug|Any CPU.Build.0 = Debug|Any CPU
		{575006B3-7E11-4DA2-8EDD-93C9DA2C3D92}.Release|Any CPU.ActiveCfg = Release|Any CPU
		{575006B3-7E11-4DA2-8EDD-93C9DA2C3D92}.Release|Any CPU.Build.0 = Release|Any CPU
		{35FEAD9E-DD8B-47F7-93CF-3B10061C8C3E}.Debug|Any CPU.ActiveCfg = Debug|Any CPU
		{35FEAD9E-DD8B-47F7-93CF-3B10061C8C3E}.Debug|Any CPU.Build.0 = Debug|Any CPU
		{35FEAD9E-DD8B-47F7-93CF-3B10061C8C3E}.Release|Any CPU.ActiveCfg = Release|Any CPU
		{35FEAD9E-DD8B-47F7-93CF-3B10061C8C3E}.Release|Any CPU.Build.0 = Release|Any CPU
		{00EE5DAB-E21B-4C42-9D24-74F16E6341C3}.Debug|Any CPU.ActiveCfg = Debug|Any CPU
		{00EE5DAB-E21B-4C42-9D24-74F16E6341C3}.Debug|Any CPU.Build.0 = Debug|Any CPU
		{00EE5DAB-E21B-4C42-9D24-74F16E6341C3}.Release|Any CPU.ActiveCfg = Release|Any CPU
		{00EE5DAB-E21B-4C42-9D24-74F16E6341C3}.Release|Any CPU.Build.0 = Release|Any CPU
		{6BBD44FB-E588-4A60-B764-A8F5D15CCB22}.Debug|Any CPU.ActiveCfg = Debug|Any CPU
		{6BBD44FB-E588-4A60-B764-A8F5D15CCB22}.Debug|Any CPU.Build.0 = Debug|Any CPU
		{6BBD44FB-E588-4A60-B764-A8F5D15CCB22}.Release|Any CPU.ActiveCfg = Release|Any CPU
		{6BBD44FB-E588-4A60-B764-A8F5D15CCB22}.Release|Any CPU.Build.0 = Release|Any CPU
		{4F1C1972-2004-451D-B90F-EDF90A4789B9}.Debug|Any CPU.ActiveCfg = Debug|Any CPU
		{4F1C1972-2004-451D-B90F-EDF90A4789B9}.Debug|Any CPU.Build.0 = Debug|Any CPU
		{4F1C1972-2004-451D-B90F-EDF90A4789B9}.Release|Any CPU.ActiveCfg = Release|Any CPU
		{4F1C1972-2004-451D-B90F-EDF90A4789B9}.Release|Any CPU.Build.0 = Release|Any CPU
		{76F87FC3-09B1-4B81-AA63-69E0B2D26280}.Debug|Any CPU.ActiveCfg = Debug|Any CPU
		{76F87FC3-09B1-4B81-AA63-69E0B2D26280}.Debug|Any CPU.Build.0 = Debug|Any CPU
		{76F87FC3-09B1-4B81-AA63-69E0B2D26280}.Release|Any CPU.ActiveCfg = Release|Any CPU
		{76F87FC3-09B1-4B81-AA63-69E0B2D26280}.Release|Any CPU.Build.0 = Release|Any CPU
	EndGlobalSection
	GlobalSection(SolutionProperties) = preSolution
		HideSolutionNode = FALSE
	EndGlobalSection
	GlobalSection(ExtensibilityGlobals) = postSolution
		SolutionGuid = {FD95AE3A-6DDA-4800-9FB4-486CD428E8B8}
	EndGlobalSection
EndGlobal
