
Microsoft Visual Studio Solution File, Format Version 12.00
# Visual Studio 15
VisualStudioVersion = 15.0.26730.10
MinimumVisualStudioVersion = 10.0.40219.1
Project("{FAE04EC0-301F-11D3-BF4B-00C04F79EFBC}") = "StoryTeller.Portal.CQRS", "StoryTeller.Portal.CQRS\StoryTeller.Portal.CQRS.csproj", "{7FC1A584-362E-43D6-AA3A-3496DB688F1D}"
EndProject
Project("{FAE04EC0-301F-11D3-BF4B-00C04F79EFBC}") = "StoryTeller.ResultAggregation", "StoryTeller.ResultAggregation\StoryTeller.ResultAggregation.csproj", "{732E1D5C-C321-477C-8601-2A4A9648AD62}"
EndProject
Project("{FAE04EC0-301F-11D3-BF4B-00C04F79EFBC}") = "StoryTeller.Portal", "StoryTeller.Portal\StoryTeller.Portal.csproj", "{CAF21C6B-ADA8-4A51-87B8-45B8E6F462D4}"
EndProject
Global
	GlobalSection(SolutionConfigurationPlatforms) = preSolution
		Debug|Any CPU = Debug|Any CPU
		Release|Any CPU = Release|Any CPU
	EndGlobalSection
	GlobalSection(ProjectConfigurationPlatforms) = postSolution
		{7FC1A584-362E-43D6-AA3A-3496DB688F1D}.Debug|Any CPU.ActiveCfg = Debug|Any CPU
		{7FC1A584-362E-43D6-AA3A-3496DB688F1D}.Debug|Any CPU.Build.0 = Debug|Any CPU
		{7FC1A584-362E-43D6-AA3A-3496DB688F1D}.Release|Any CPU.ActiveCfg = Release|Any CPU
		{7FC1A584-362E-43D6-AA3A-3496DB688F1D}.Release|Any CPU.Build.0 = Release|Any CPU
		{732E1D5C-C321-477C-8601-2A4A9648AD62}.Debug|Any CPU.ActiveCfg = Debug|Any CPU
		{732E1D5C-C321-477C-8601-2A4A9648AD62}.Debug|Any CPU.Build.0 = Debug|Any CPU
		{732E1D5C-C321-477C-8601-2A4A9648AD62}.Release|Any CPU.ActiveCfg = Release|Any CPU
		{732E1D5C-C321-477C-8601-2A4A9648AD62}.Release|Any CPU.Build.0 = Release|Any CPU
		{CAF21C6B-ADA8-4A51-87B8-45B8E6F462D4}.Debug|Any CPU.ActiveCfg = Debug|Any CPU
		{CAF21C6B-ADA8-4A51-87B8-45B8E6F462D4}.Debug|Any CPU.Build.0 = Debug|Any CPU
		{CAF21C6B-ADA8-4A51-87B8-45B8E6F462D4}.Release|Any CPU.ActiveCfg = Release|Any CPU
		{CAF21C6B-ADA8-4A51-87B8-45B8E6F462D4}.Release|Any CPU.Build.0 = Release|Any CPU
	EndGlobalSection
	GlobalSection(SolutionProperties) = preSolution
		HideSolutionNode = FALSE
	EndGlobalSection
	GlobalSection(ExtensibilityGlobals) = postSolution
		SolutionGuid = {FD95AE3A-6DDA-4800-9FB4-486CD428E8B8}
	EndGlobalSection
EndGlobal
